
Microsoft Visual Studio Solution File, Format Version 12.00
# Visual Studio Version 17
VisualStudioVersion = 17.7.34031.279
MinimumVisualStudioVersion = 10.0.40219.1
Project("{FAE04EC0-301F-11D3-BF4B-00C04F79EFBC}") = "Amostra.MVC", "Amostra.MVC\Amostra.MVC.csproj", "{0FEFE79D-6F2A-41DB-8D07-FE6BD69F7C0B}"
EndProject
Project("{9A19103F-16F7-4668-BE54-9A1E7A4F7556}") = "Amostra.API", "Amostra.API\Amostra.API.csproj", "{68E037CE-9A96-4C93-92A4-8AB9846E02A3}"
EndProject
Global
	GlobalSection(SolutionConfigurationPlatforms) = preSolution
		Debug|Any CPU = Debug|Any CPU
		Release|Any CPU = Release|Any CPU
	EndGlobalSection
	GlobalSection(ProjectConfigurationPlatforms) = postSolution
		{0FEFE79D-6F2A-41DB-8D07-FE6BD69F7C0B}.Debug|Any CPU.ActiveCfg = Debug|Any CPU
		{0FEFE79D-6F2A-41DB-8D07-FE6BD69F7C0B}.Debug|Any CPU.Build.0 = Debug|Any CPU
		{0FEFE79D-6F2A-41DB-8D07-FE6BD69F7C0B}.Release|Any CPU.ActiveCfg = Release|Any CPU
		{0FEFE79D-6F2A-41DB-8D07-FE6BD69F7C0B}.Release|Any CPU.Build.0 = Release|Any CPU
		{68E037CE-9A96-4C93-92A4-8AB9846E02A3}.Debug|Any CPU.ActiveCfg = Debug|Any CPU
		{68E037CE-9A96-4C93-92A4-8AB9846E02A3}.Debug|Any CPU.Build.0 = Debug|Any CPU
		{68E037CE-9A96-4C93-92A4-8AB9846E02A3}.Release|Any CPU.ActiveCfg = Release|Any CPU
		{68E037CE-9A96-4C93-92A4-8AB9846E02A3}.Release|Any CPU.Build.0 = Release|Any CPU
	EndGlobalSection
	GlobalSection(SolutionProperties) = preSolution
		HideSolutionNode = FALSE
	EndGlobalSection
	GlobalSection(ExtensibilityGlobals) = postSolution
		SolutionGuid = {E4E304B7-50C7-4F5D-AEF4-799EFA581EFD}
	EndGlobalSection
EndGlobal
